
Microsoft Visual Studio Solution File, Format Version 12.00
# Visual Studio 2012
Project("{FAE04EC0-301F-11D3-BF4B-00C04F79EFBC}") = "ShopDirectory", "ShopDirectory\ShopDirectory.csproj", "{4B240105-3740-4A6D-9E17-EEA6B4BB86CA}"
EndProject
Global
	GlobalSection(SolutionConfigurationPlatforms) = preSolution
		Debug|Any CPU = Debug|Any CPU
		Release|Any CPU = Release|Any CPU
	EndGlobalSection
	GlobalSection(ProjectConfigurationPlatforms) = postSolution
		{4B240105-3740-4A6D-9E17-EEA6B4BB86CA}.Debug|Any CPU.ActiveCfg = Debug|Any CPU
		{4B240105-3740-4A6D-9E17-EEA6B4BB86CA}.Debug|Any CPU.Build.0 = Debug|Any CPU
		{4B240105-3740-4A6D-9E17-EEA6B4BB86CA}.Release|Any CPU.ActiveCfg = Release|Any CPU
		{4B240105-3740-4A6D-9E17-EEA6B4BB86CA}.Release|Any CPU.Build.0 = Release|Any CPU
	EndGlobalSection
	GlobalSection(SolutionProperties) = preSolution
		HideSolutionNode = FALSE
	EndGlobalSection
EndGlobal
